
Microsoft Visual Studio Solution File, Format Version 12.00
# Visual Studio Version 16
VisualStudioVersion = 16.0.30517.126
MinimumVisualStudioVersion = 10.0.40219.1
Project("{FAE04EC0-301F-11D3-BF4B-00C04F79EFBC}") = "(POO)ProjetoEstoque", "(POO)ProjetoEstoque\(POO)ProjetoEstoque.csproj", "{2B8D5B44-1703-4132-AD2C-C649607EF218}"
EndProject
Global
	GlobalSection(SolutionConfigurationPlatforms) = preSolution
		Debug|Any CPU = Debug|Any CPU
		Release|Any CPU = Release|Any CPU
	EndGlobalSection
	GlobalSection(ProjectConfigurationPlatforms) = postSolution
		{2B8D5B44-1703-4132-AD2C-C649607EF218}.Debug|Any CPU.ActiveCfg = Debug|Any CPU
		{2B8D5B44-1703-4132-AD2C-C649607EF218}.Debug|Any CPU.Build.0 = Debug|Any CPU
		{2B8D5B44-1703-4132-AD2C-C649607EF218}.Release|Any CPU.ActiveCfg = Release|Any CPU
		{2B8D5B44-1703-4132-AD2C-C649607EF218}.Release|Any CPU.Build.0 = Release|Any CPU
	EndGlobalSection
	GlobalSection(SolutionProperties) = preSolution
		HideSolutionNode = FALSE
	EndGlobalSection
	GlobalSection(ExtensibilityGlobals) = postSolution
		SolutionGuid = {4C1A6B90-0FFE-4FA5-BEC8-2CF6CD02F805}
	EndGlobalSection
EndGlobal
